
Microsoft Visual Studio Solution File, Format Version 12.00
# Visual Studio 15
VisualStudioVersion = 15.0.26730.15
MinimumVisualStudioVersion = 10.0.40219.1
Project("{2150E333-8FDC-42A3-9474-1A3956D46DE8}") = "Solution Items", "Solution Items", "{D3308A06-7879-4144-B50B-E476C11F5801}"
	ProjectSection(SolutionItems) = preProject
		README.md = README.md
	EndProjectSection
EndProject
Project("{FAE04EC0-301F-11D3-BF4B-00C04F79EFBC}") = "LicenseHeaderManager", "LicenseHeaderManager\LicenseHeaderManager.csproj", "{8E234F35-CABF-48BF-B747-3DC0EC2776C9}"
EndProject
Project("{FAE04EC0-301F-11D3-BF4B-00C04F79EFBC}") = "LicenseHeaderManager.Test", "LicenseHeaderManager.Test\LicenseHeaderManager.Test.csproj", "{F224872B-FDB9-4DA1-BEA4-0FA4F1BA3E82}"
EndProject
Global
	GlobalSection(SolutionConfigurationPlatforms) = preSolution
		Debug|Any CPU = Debug|Any CPU
		Debug|Mixed Platforms = Debug|Mixed Platforms
		Debug|Win32 = Debug|Win32
		Release|Any CPU = Release|Any CPU
		Release|Mixed Platforms = Release|Mixed Platforms
		Release|Win32 = Release|Win32
	EndGlobalSection
	GlobalSection(ProjectConfigurationPlatforms) = postSolution
		{8E234F35-CABF-48BF-B747-3DC0EC2776C9}.Debug|Any CPU.ActiveCfg = Debug|Any CPU
		{8E234F35-CABF-48BF-B747-3DC0EC2776C9}.Debug|Any CPU.Build.0 = Debug|Any CPU
		{8E234F35-CABF-48BF-B747-3DC0EC2776C9}.Debug|Mixed Platforms.ActiveCfg = Debug|Any CPU
		{8E234F35-CABF-48BF-B747-3DC0EC2776C9}.Debug|Mixed Platforms.Build.0 = Debug|Any CPU
		{8E234F35-CABF-48BF-B747-3DC0EC2776C9}.Debug|Win32.ActiveCfg = Debug|Any CPU
		{8E234F35-CABF-48BF-B747-3DC0EC2776C9}.Release|Any CPU.ActiveCfg = Debug|Any CPU
		{8E234F35-CABF-48BF-B747-3DC0EC2776C9}.Release|Any CPU.Build.0 = Debug|Any CPU
		{8E234F35-CABF-48BF-B747-3DC0EC2776C9}.Release|Mixed Platforms.ActiveCfg = Release|Any CPU
		{8E234F35-CABF-48BF-B747-3DC0EC2776C9}.Release|Mixed Platforms.Build.0 = Release|Any CPU
		{8E234F35-CABF-48BF-B747-3DC0EC2776C9}.Release|Win32.ActiveCfg = Release|Any CPU
		{F224872B-FDB9-4DA1-BEA4-0FA4F1BA3E82}.Debug|Any CPU.ActiveCfg = Debug|Any CPU
		{F224872B-FDB9-4DA1-BEA4-0FA4F1BA3E82}.Debug|Any CPU.Build.0 = Debug|Any CPU
		{F224872B-FDB9-4DA1-BEA4-0FA4F1BA3E82}.Debug|Mixed Platforms.ActiveCfg = Debug|Any CPU
		{F224872B-FDB9-4DA1-BEA4-0FA4F1BA3E82}.Debug|Mixed Platforms.Build.0 = Debug|Any CPU
		{F224872B-FDB9-4DA1-BEA4-0FA4F1BA3E82}.Debug|Win32.ActiveCfg = Debug|Any CPU
		{F224872B-FDB9-4DA1-BEA4-0FA4F1BA3E82}.Release|Any CPU.ActiveCfg = Debug|Any CPU
		{F224872B-FDB9-4DA1-BEA4-0FA4F1BA3E82}.Release|Any CPU.Build.0 = Debug|Any CPU
		{F224872B-FDB9-4DA1-BEA4-0FA4F1BA3E82}.Release|Mixed Platforms.ActiveCfg = Release|Any CPU
		{F224872B-FDB9-4DA1-BEA4-0FA4F1BA3E82}.Release|Mixed Platforms.Build.0 = Release|Any CPU
		{F224872B-FDB9-4DA1-BEA4-0FA4F1BA3E82}.Release|Win32.ActiveCfg = Release|Any CPU
	EndGlobalSection
	GlobalSection(SolutionProperties) = preSolution
		HideSolutionNode = FALSE
	EndGlobalSection
	GlobalSection(ExtensibilityGlobals) = postSolution
		SolutionGuid = {7C160A5F-0026-4471-B632-8C0BBCC49473}
	EndGlobalSection
EndGlobal
