
Microsoft Visual Studio Solution File, Format Version 12.00
# Visual Studio Version 16
VisualStudioVersion = 16.0.30309.148
MinimumVisualStudioVersion = 10.0.40219.1
Project("{FAE04EC0-301F-11D3-BF4B-00C04F79EFBC}") = "LHM-CsProjTest", "LHM-CsProjTest\LHM-CsProjTest.csproj", "{6D949155-B6BA-4982-B894-9ADCB6092838}"
EndProject
Project("{FAE04EC0-301F-11D3-BF4B-00C04F79EFBC}") = "App1", "App1\App1.csproj", "{FE37147C-C5A6-460D-8664-B9E496A2F541}"
EndProject
Project("{FAE04EC0-301F-11D3-BF4B-00C04F79EFBC}") = "OfficeApp1", "OfficeApp1\OfficeApp1.csproj", "{DD5B3783-39BC-464C-9A2A-0300297231B4}"
EndProject
Project("{FAE04EC0-301F-11D3-BF4B-00C04F79EFBC}") = "OfficeApp1Web", "OfficeApp1Web\OfficeApp1Web.csproj", "{7B8D2B9F-4305-4FE3-845B-27998C8DAC9B}"
EndProject
Project("{2150E333-8FDC-42A3-9474-1A3956D46DE8}") = "App2", "App2", "{A1CBE0F6-C115-4E2F-82CC-0944B76DD008}"
EndProject
Project("{8BC9CEB8-8B4A-11D0-8D11-00A0C91BC942}") = "App2.Shared", "App2\App2.Shared\App2.Shared.vcxitems", "{652187B5-F9D1-4462-9757-0D7E820074AA}"
EndProject
Project("{8BC9CEB8-8B4A-11D0-8D11-00A0C91BC942}") = "App2.Windows", "App2\App2.Windows\App2.Windows.vcxproj", "{347D175D-FB6F-4D69-B7E6-374135FAF552}"
EndProject
Project("{8BC9CEB8-8B4A-11D0-8D11-00A0C91BC942}") = "App2.WindowsPhone", "App2\App2.WindowsPhone\App2.WindowsPhone.vcxproj", "{1DB0ED9E-34CD-462D-AB4D-E6D42BB5ADAC}"
EndProject
Project("{930C7802-8A8C-48F9-8165-68863BCCD9DD}") = "SetupProject1", "SetupProject1\SetupProject1.wixproj", "{E0CAD2FA-C944-44A6-AD2F-D757568D1889}"
EndProject
Project("{F2A71F9B-5D33-465A-A702-920D77279786}") = "ConsoleApplication1", "ConsoleApplication1\ConsoleApplication1.fsproj", "{17B7BEA1-453E-435A-9514-BB2EE3D46583}"
EndProject
Project("{2150E333-8FDC-42A3-9474-1A3956D46DE8}") = "SharedApp", "SharedApp", "{7BCF92E2-40ED-4202-B06A-BBFE675C3CB1}"
EndProject
Project("{D954291E-2A0B-460D-934E-DC6B0785DB48}") = "BlankSharedApp1.Shared", "BlankSharedApp1\BlankSharedApp1.Shared\BlankSharedApp1.Shared.shproj", "{E81EB80B-42AB-4EBB-9037-27870A9335C5}"
EndProject
Project("{262852C6-CD72-467D-83FE-5EEB1973A190}") = "BlankSharedApp1.Windows", "BlankSharedApp1\BlankSharedApp1.Windows\BlankSharedApp1.Windows.jsproj", "{CF198457-7D45-4459-AE5B-55CAA6399A86}"
EndProject
Project("{262852C6-CD72-467D-83FE-5EEB1973A190}") = "BlankSharedApp1.WindowsPhone", "BlankSharedApp1\BlankSharedApp1.WindowsPhone\BlankSharedApp1.WindowsPhone.jsproj", "{5AB34E42-F495-4AA3-863B-8A0D9371B8B8}"
EndProject
Project("{888888A0-9F3D-457C-B088-3A5042F75D52}") = "PythonApplication1", "PythonApplication1\PythonApplication1.pyproj", "{74511A70-8CA2-438A-8940-1C31F5D379FA}"
EndProject
Project("{FAE04EC0-301F-11D3-BF4B-00C04F79EFBC}") = "TypeScriptHTMLApp1", "TypeScriptHTMLApp1\TypeScriptHTMLApp1.csproj", "{F6063599-3A94-4B16-996E-AF546B9825A2}"
EndProject
Project("{A0786B88-2ADB-4C21-ABE8-AA2D79766269}") = "PHPWebProject1", "PHPWebProject1\PHPWebProject1.phpproj", "{68198F91-4CD7-429E-901C-EF6D7A81E282}"
EndProject
Global
	GlobalSection(SharedMSBuildProjectFiles) = preSolution
		App2\App2.Shared\App2.Shared.vcxitems*{1db0ed9e-34cd-462d-ab4d-e6d42bb5adac}*SharedItemsImports = 4
		App2\App2.Shared\App2.Shared.vcxitems*{347d175d-fb6f-4d69-b7e6-374135faf552}*SharedItemsImports = 4
		BlankSharedApp1\BlankSharedApp1.Shared\BlankSharedApp1.Shared.projitems*{5ab34e42-f495-4aa3-863b-8a0d9371b8b8}*SharedItemsImports = 5
		App2\App2.Shared\App2.Shared.vcxitems*{652187b5-f9d1-4462-9757-0d7e820074aa}*SharedItemsImports = 9
		BlankSharedApp1\BlankSharedApp1.Shared\BlankSharedApp1.Shared.projitems*{cf198457-7d45-4459-ae5b-55caa6399a86}*SharedItemsImports = 5
		BlankSharedApp1\BlankSharedApp1.Shared\BlankSharedApp1.Shared.projitems*{e81eb80b-42ab-4ebb-9037-27870a9335c5}*SharedItemsImports = 13
	EndGlobalSection
	GlobalSection(SolutionConfigurationPlatforms) = preSolution
		Debug|Any CPU = Debug|Any CPU
		Debug|ARM = Debug|ARM
		Debug|Mixed Platforms = Debug|Mixed Platforms
		Debug|Win32 = Debug|Win32
		Debug|x64 = Debug|x64
		Debug|x86 = Debug|x86
		Release|Any CPU = Release|Any CPU
		Release|ARM = Release|ARM
		Release|Mixed Platforms = Release|Mixed Platforms
		Release|Win32 = Release|Win32
		Release|x64 = Release|x64
		Release|x86 = Release|x86
	EndGlobalSection
	GlobalSection(ProjectConfigurationPlatforms) = postSolution
		{6D949155-B6BA-4982-B894-9ADCB6092838}.Debug|Any CPU.ActiveCfg = Debug|Any CPU
		{6D949155-B6BA-4982-B894-9ADCB6092838}.Debug|Any CPU.Build.0 = Debug|Any CPU
		{6D949155-B6BA-4982-B894-9ADCB6092838}.Debug|ARM.ActiveCfg = Debug|Any CPU
		{6D949155-B6BA-4982-B894-9ADCB6092838}.Debug|Mixed Platforms.ActiveCfg = Debug|Any CPU
		{6D949155-B6BA-4982-B894-9ADCB6092838}.Debug|Mixed Platforms.Build.0 = Debug|Any CPU
		{6D949155-B6BA-4982-B894-9ADCB6092838}.Debug|Win32.ActiveCfg = Debug|Any CPU
		{6D949155-B6BA-4982-B894-9ADCB6092838}.Debug|x64.ActiveCfg = Debug|Any CPU
		{6D949155-B6BA-4982-B894-9ADCB6092838}.Debug|x86.ActiveCfg = Debug|Any CPU
		{6D949155-B6BA-4982-B894-9ADCB6092838}.Release|Any CPU.ActiveCfg = Release|Any CPU
		{6D949155-B6BA-4982-B894-9ADCB6092838}.Release|Any CPU.Build.0 = Release|Any CPU
		{6D949155-B6BA-4982-B894-9ADCB6092838}.Release|ARM.ActiveCfg = Release|Any CPU
		{6D949155-B6BA-4982-B894-9ADCB6092838}.Release|Mixed Platforms.ActiveCfg = Release|Any CPU
		{6D949155-B6BA-4982-B894-9ADCB6092838}.Release|Mixed Platforms.Build.0 = Release|Any CPU
		{6D949155-B6BA-4982-B894-9ADCB6092838}.Release|Win32.ActiveCfg = Release|Any CPU
		{6D949155-B6BA-4982-B894-9ADCB6092838}.Release|x64.ActiveCfg = Release|Any CPU
		{6D949155-B6BA-4982-B894-9ADCB6092838}.Release|x86.ActiveCfg = Release|Any CPU
		{FE37147C-C5A6-460D-8664-B9E496A2F541}.Debug|Any CPU.ActiveCfg = Debug|Any CPU
		{FE37147C-C5A6-460D-8664-B9E496A2F541}.Debug|Any CPU.Build.0 = Debug|Any CPU
		{FE37147C-C5A6-460D-8664-B9E496A2F541}.Debug|Any CPU.Deploy.0 = Debug|Any CPU
		{FE37147C-C5A6-460D-8664-B9E496A2F541}.Debug|ARM.ActiveCfg = Debug|ARM
		{FE37147C-C5A6-460D-8664-B9E496A2F541}.Debug|ARM.Build.0 = Debug|ARM
		{FE37147C-C5A6-460D-8664-B9E496A2F541}.Debug|ARM.Deploy.0 = Debug|ARM
		{FE37147C-C5A6-460D-8664-B9E496A2F541}.Debug|Mixed Platforms.ActiveCfg = Debug|x86
		{FE37147C-C5A6-460D-8664-B9E496A2F541}.Debug|Mixed Platforms.Build.0 = Debug|x86
		{FE37147C-C5A6-460D-8664-B9E496A2F541}.Debug|Mixed Platforms.Deploy.0 = Debug|x86
		{FE37147C-C5A6-460D-8664-B9E496A2F541}.Debug|Win32.ActiveCfg = Debug|x86
		{FE37147C-C5A6-460D-8664-B9E496A2F541}.Debug|Win32.Build.0 = Debug|x86
		{FE37147C-C5A6-460D-8664-B9E496A2F541}.Debug|Win32.Deploy.0 = Debug|x86
		{FE37147C-C5A6-460D-8664-B9E496A2F541}.Debug|x64.ActiveCfg = Debug|Any CPU
		{FE37147C-C5A6-460D-8664-B9E496A2F541}.Debug|x86.ActiveCfg = Debug|x86
		{FE37147C-C5A6-460D-8664-B9E496A2F541}.Debug|x86.Build.0 = Debug|x86
		{FE37147C-C5A6-460D-8664-B9E496A2F541}.Debug|x86.Deploy.0 = Debug|x86
		{FE37147C-C5A6-460D-8664-B9E496A2F541}.Release|Any CPU.ActiveCfg = Release|Any CPU
		{FE37147C-C5A6-460D-8664-B9E496A2F541}.Release|Any CPU.Build.0 = Release|Any CPU
		{FE37147C-C5A6-460D-8664-B9E496A2F541}.Release|Any CPU.Deploy.0 = Release|Any CPU
		{FE37147C-C5A6-460D-8664-B9E496A2F541}.Release|ARM.ActiveCfg = Release|ARM
		{FE37147C-C5A6-460D-8664-B9E496A2F541}.Release|ARM.Build.0 = Release|ARM
		{FE37147C-C5A6-460D-8664-B9E496A2F541}.Release|ARM.Deploy.0 = Release|ARM
		{FE37147C-C5A6-460D-8664-B9E496A2F541}.Release|Mixed Platforms.ActiveCfg = Release|x86
		{FE37147C-C5A6-460D-8664-B9E496A2F541}.Release|Mixed Platforms.Build.0 = Release|x86
		{FE37147C-C5A6-460D-8664-B9E496A2F541}.Release|Mixed Platforms.Deploy.0 = Release|x86
		{FE37147C-C5A6-460D-8664-B9E496A2F541}.Release|Win32.ActiveCfg = Release|x86
		{FE37147C-C5A6-460D-8664-B9E496A2F541}.Release|Win32.Build.0 = Release|x86
		{FE37147C-C5A6-460D-8664-B9E496A2F541}.Release|Win32.Deploy.0 = Release|x86
		{FE37147C-C5A6-460D-8664-B9E496A2F541}.Release|x64.ActiveCfg = Release|Any CPU
		{FE37147C-C5A6-460D-8664-B9E496A2F541}.Release|x86.ActiveCfg = Release|x86
		{FE37147C-C5A6-460D-8664-B9E496A2F541}.Release|x86.Build.0 = Release|x86
		{FE37147C-C5A6-460D-8664-B9E496A2F541}.Release|x86.Deploy.0 = Release|x86
		{DD5B3783-39BC-464C-9A2A-0300297231B4}.Debug|Any CPU.ActiveCfg = Debug|Any CPU
		{DD5B3783-39BC-464C-9A2A-0300297231B4}.Debug|Any CPU.Build.0 = Debug|Any CPU
		{DD5B3783-39BC-464C-9A2A-0300297231B4}.Debug|Any CPU.Deploy.0 = Debug|Any CPU
		{DD5B3783-39BC-464C-9A2A-0300297231B4}.Debug|ARM.ActiveCfg = Debug|Any CPU
		{DD5B3783-39BC-464C-9A2A-0300297231B4}.Debug|Mixed Platforms.ActiveCfg = Debug|Any CPU
		{DD5B3783-39BC-464C-9A2A-0300297231B4}.Debug|Mixed Platforms.Build.0 = Debug|Any CPU
		{DD5B3783-39BC-464C-9A2A-0300297231B4}.Debug|Mixed Platforms.Deploy.0 = Debug|Any CPU
		{DD5B3783-39BC-464C-9A2A-0300297231B4}.Debug|Win32.ActiveCfg = Debug|Any CPU
		{DD5B3783-39BC-464C-9A2A-0300297231B4}.Debug|x64.ActiveCfg = Debug|Any CPU
		{DD5B3783-39BC-464C-9A2A-0300297231B4}.Debug|x86.ActiveCfg = Debug|Any CPU
		{DD5B3783-39BC-464C-9A2A-0300297231B4}.Release|Any CPU.ActiveCfg = Release|Any CPU
		{DD5B3783-39BC-464C-9A2A-0300297231B4}.Release|Any CPU.Build.0 = Release|Any CPU
		{DD5B3783-39BC-464C-9A2A-0300297231B4}.Release|Any CPU.Deploy.0 = Release|Any CPU
		{DD5B3783-39BC-464C-9A2A-0300297231B4}.Release|ARM.ActiveCfg = Release|Any CPU
		{DD5B3783-39BC-464C-9A2A-0300297231B4}.Release|Mixed Platforms.ActiveCfg = Release|Any CPU
		{DD5B3783-39BC-464C-9A2A-0300297231B4}.Release|Mixed Platforms.Build.0 = Release|Any CPU
		{DD5B3783-39BC-464C-9A2A-0300297231B4}.Release|Mixed Platforms.Deploy.0 = Release|Any CPU
		{DD5B3783-39BC-464C-9A2A-0300297231B4}.Release|Win32.ActiveCfg = Release|Any CPU
		{DD5B3783-39BC-464C-9A2A-0300297231B4}.Release|x64.ActiveCfg = Release|Any CPU
		{DD5B3783-39BC-464C-9A2A-0300297231B4}.Release|x86.ActiveCfg = Release|Any CPU
		{7B8D2B9F-4305-4FE3-845B-27998C8DAC9B}.Debug|Any CPU.ActiveCfg = Debug|Any CPU
		{7B8D2B9F-4305-4FE3-845B-27998C8DAC9B}.Debug|Any CPU.Build.0 = Debug|Any CPU
		{7B8D2B9F-4305-4FE3-845B-27998C8DAC9B}.Debug|ARM.ActiveCfg = Debug|Any CPU
		{7B8D2B9F-4305-4FE3-845B-27998C8DAC9B}.Debug|Mixed Platforms.ActiveCfg = Debug|Any CPU
		{7B8D2B9F-4305-4FE3-845B-27998C8DAC9B}.Debug|Mixed Platforms.Build.0 = Debug|Any CPU
		{7B8D2B9F-4305-4FE3-845B-27998C8DAC9B}.Debug|Win32.ActiveCfg = Debug|Any CPU
		{7B8D2B9F-4305-4FE3-845B-27998C8DAC9B}.Debug|x64.ActiveCfg = Debug|Any CPU
		{7B8D2B9F-4305-4FE3-845B-27998C8DAC9B}.Debug|x86.ActiveCfg = Debug|Any CPU
		{7B8D2B9F-4305-4FE3-845B-27998C8DAC9B}.Release|Any CPU.ActiveCfg = Release|Any CPU
		{7B8D2B9F-4305-4FE3-845B-27998C8DAC9B}.Release|Any CPU.Build.0 = Release|Any CPU
		{7B8D2B9F-4305-4FE3-845B-27998C8DAC9B}.Release|ARM.ActiveCfg = Release|Any CPU
		{7B8D2B9F-4305-4FE3-845B-27998C8DAC9B}.Release|Mixed Platforms.ActiveCfg = Release|Any CPU
		{7B8D2B9F-4305-4FE3-845B-27998C8DAC9B}.Release|Mixed Platforms.Build.0 = Release|Any CPU
		{7B8D2B9F-4305-4FE3-845B-27998C8DAC9B}.Release|Win32.ActiveCfg = Release|Any CPU
		{7B8D2B9F-4305-4FE3-845B-27998C8DAC9B}.Release|x64.ActiveCfg = Release|Any CPU
		{7B8D2B9F-4305-4FE3-845B-27998C8DAC9B}.Release|x86.ActiveCfg = Release|Any CPU
		{347D175D-FB6F-4D69-B7E6-374135FAF552}.Debug|Any CPU.ActiveCfg = Debug|Win32
		{347D175D-FB6F-4D69-B7E6-374135FAF552}.Debug|ARM.ActiveCfg = Debug|ARM
		{347D175D-FB6F-4D69-B7E6-374135FAF552}.Debug|ARM.Build.0 = Debug|ARM
		{347D175D-FB6F-4D69-B7E6-374135FAF552}.Debug|ARM.Deploy.0 = Debug|ARM
		{347D175D-FB6F-4D69-B7E6-374135FAF552}.Debug|Mixed Platforms.ActiveCfg = Debug|Win32
		{347D175D-FB6F-4D69-B7E6-374135FAF552}.Debug|Mixed Platforms.Build.0 = Debug|Win32
		{347D175D-FB6F-4D69-B7E6-374135FAF552}.Debug|Mixed Platforms.Deploy.0 = Debug|Win32
		{347D175D-FB6F-4D69-B7E6-374135FAF552}.Debug|Win32.ActiveCfg = Debug|Win32
		{347D175D-FB6F-4D69-B7E6-374135FAF552}.Debug|Win32.Build.0 = Debug|Win32
		{347D175D-FB6F-4D69-B7E6-374135FAF552}.Debug|Win32.Deploy.0 = Debug|Win32
		{347D175D-FB6F-4D69-B7E6-374135FAF552}.Debug|x64.ActiveCfg = Debug|x64
		{347D175D-FB6F-4D69-B7E6-374135FAF552}.Debug|x64.Build.0 = Debug|x64
		{347D175D-FB6F-4D69-B7E6-374135FAF552}.Debug|x64.Deploy.0 = Debug|x64
		{347D175D-FB6F-4D69-B7E6-374135FAF552}.Debug|x86.ActiveCfg = Debug|Win32
		{347D175D-FB6F-4D69-B7E6-374135FAF552}.Debug|x86.Build.0 = Debug|Win32
		{347D175D-FB6F-4D69-B7E6-374135FAF552}.Debug|x86.Deploy.0 = Debug|Win32
		{347D175D-FB6F-4D69-B7E6-374135FAF552}.Release|Any CPU.ActiveCfg = Release|Win32
		{347D175D-FB6F-4D69-B7E6-374135FAF552}.Release|ARM.ActiveCfg = Release|ARM
		{347D175D-FB6F-4D69-B7E6-374135FAF552}.Release|ARM.Build.0 = Release|ARM
		{347D175D-FB6F-4D69-B7E6-374135FAF552}.Release|ARM.Deploy.0 = Release|ARM
		{347D175D-FB6F-4D69-B7E6-374135FAF552}.Release|Mixed Platforms.ActiveCfg = Release|Win32
		{347D175D-FB6F-4D69-B7E6-374135FAF552}.Release|Mixed Platforms.Build.0 = Release|Win32
		{347D175D-FB6F-4D69-B7E6-374135FAF552}.Release|Mixed Platforms.Deploy.0 = Release|Win32
		{347D175D-FB6F-4D69-B7E6-374135FAF552}.Release|Win32.ActiveCfg = Release|Win32
		{347D175D-FB6F-4D69-B7E6-374135FAF552}.Release|Win32.Build.0 = Release|Win32
		{347D175D-FB6F-4D69-B7E6-374135FAF552}.Release|Win32.Deploy.0 = Release|Win32
		{347D175D-FB6F-4D69-B7E6-374135FAF552}.Release|x64.ActiveCfg = Release|x64
		{347D175D-FB6F-4D69-B7E6-374135FAF552}.Release|x64.Build.0 = Release|x64
		{347D175D-FB6F-4D69-B7E6-374135FAF552}.Release|x64.Deploy.0 = Release|x64
		{347D175D-FB6F-4D69-B7E6-374135FAF552}.Release|x86.ActiveCfg = Release|Win32
		{347D175D-FB6F-4D69-B7E6-374135FAF552}.Release|x86.Build.0 = Release|Win32
		{347D175D-FB6F-4D69-B7E6-374135FAF552}.Release|x86.Deploy.0 = Release|Win32
		{1DB0ED9E-34CD-462D-AB4D-E6D42BB5ADAC}.Debug|Any CPU.ActiveCfg = Debug|Win32
		{1DB0ED9E-34CD-462D-AB4D-E6D42BB5ADAC}.Debug|ARM.ActiveCfg = Debug|ARM
		{1DB0ED9E-34CD-462D-AB4D-E6D42BB5ADAC}.Debug|ARM.Build.0 = Debug|ARM
		{1DB0ED9E-34CD-462D-AB4D-E6D42BB5ADAC}.Debug|ARM.Deploy.0 = Debug|ARM
		{1DB0ED9E-34CD-462D-AB4D-E6D42BB5ADAC}.Debug|Mixed Platforms.ActiveCfg = Debug|Win32
		{1DB0ED9E-34CD-462D-AB4D-E6D42BB5ADAC}.Debug|Mixed Platforms.Build.0 = Debug|Win32
		{1DB0ED9E-34CD-462D-AB4D-E6D42BB5ADAC}.Debug|Mixed Platforms.Deploy.0 = Debug|Win32
		{1DB0ED9E-34CD-462D-AB4D-E6D42BB5ADAC}.Debug|Win32.ActiveCfg = Debug|Win32
		{1DB0ED9E-34CD-462D-AB4D-E6D42BB5ADAC}.Debug|Win32.Build.0 = Debug|Win32
		{1DB0ED9E-34CD-462D-AB4D-E6D42BB5ADAC}.Debug|Win32.Deploy.0 = Debug|Win32
		{1DB0ED9E-34CD-462D-AB4D-E6D42BB5ADAC}.Debug|x64.ActiveCfg = Debug|Win32
		{1DB0ED9E-34CD-462D-AB4D-E6D42BB5ADAC}.Debug|x86.ActiveCfg = Debug|Win32
		{1DB0ED9E-34CD-462D-AB4D-E6D42BB5ADAC}.Debug|x86.Build.0 = Debug|Win32
		{1DB0ED9E-34CD-462D-AB4D-E6D42BB5ADAC}.Debug|x86.Deploy.0 = Debug|Win32
		{1DB0ED9E-34CD-462D-AB4D-E6D42BB5ADAC}.Release|Any CPU.ActiveCfg = Release|Win32
		{1DB0ED9E-34CD-462D-AB4D-E6D42BB5ADAC}.Release|ARM.ActiveCfg = Release|ARM
		{1DB0ED9E-34CD-462D-AB4D-E6D42BB5ADAC}.Release|ARM.Build.0 = Release|ARM
		{1DB0ED9E-34CD-462D-AB4D-E6D42BB5ADAC}.Release|ARM.Deploy.0 = Release|ARM
		{1DB0ED9E-34CD-462D-AB4D-E6D42BB5ADAC}.Release|Mixed Platforms.ActiveCfg = Release|Win32
		{1DB0ED9E-34CD-462D-AB4D-E6D42BB5ADAC}.Release|Mixed Platforms.Build.0 = Release|Win32
		{1DB0ED9E-34CD-462D-AB4D-E6D42BB5ADAC}.Release|Mixed Platforms.Deploy.0 = Release|Win32
		{1DB0ED9E-34CD-462D-AB4D-E6D42BB5ADAC}.Release|Win32.ActiveCfg = Release|Win32
		{1DB0ED9E-34CD-462D-AB4D-E6D42BB5ADAC}.Release|Win32.Build.0 = Release|Win32
		{1DB0ED9E-34CD-462D-AB4D-E6D42BB5ADAC}.Release|Win32.Deploy.0 = Release|Win32
		{1DB0ED9E-34CD-462D-AB4D-E6D42BB5ADAC}.Release|x64.ActiveCfg = Release|Win32
		{1DB0ED9E-34CD-462D-AB4D-E6D42BB5ADAC}.Release|x86.ActiveCfg = Release|Win32
		{1DB0ED9E-34CD-462D-AB4D-E6D42BB5ADAC}.Release|x86.Build.0 = Release|Win32
		{1DB0ED9E-34CD-462D-AB4D-E6D42BB5ADAC}.Release|x86.Deploy.0 = Release|Win32
		{E0CAD2FA-C944-44A6-AD2F-D757568D1889}.Debug|Any CPU.ActiveCfg = Debug|x86
		{E0CAD2FA-C944-44A6-AD2F-D757568D1889}.Debug|ARM.ActiveCfg = Debug|x86
		{E0CAD2FA-C944-44A6-AD2F-D757568D1889}.Debug|Mixed Platforms.ActiveCfg = Debug|x86
		{E0CAD2FA-C944-44A6-AD2F-D757568D1889}.Debug|Mixed Platforms.Build.0 = Debug|x86
		{E0CAD2FA-C944-44A6-AD2F-D757568D1889}.Debug|Win32.ActiveCfg = Debug|x86
		{E0CAD2FA-C944-44A6-AD2F-D757568D1889}.Debug|Win32.Build.0 = Debug|x86
		{E0CAD2FA-C944-44A6-AD2F-D757568D1889}.Debug|x64.ActiveCfg = Debug|x86
		{E0CAD2FA-C944-44A6-AD2F-D757568D1889}.Debug|x86.ActiveCfg = Debug|x86
		{E0CAD2FA-C944-44A6-AD2F-D757568D1889}.Debug|x86.Build.0 = Debug|x86
		{E0CAD2FA-C944-44A6-AD2F-D757568D1889}.Release|Any CPU.ActiveCfg = Release|x86
		{E0CAD2FA-C944-44A6-AD2F-D757568D1889}.Release|ARM.ActiveCfg = Release|x86
		{E0CAD2FA-C944-44A6-AD2F-D757568D1889}.Release|Mixed Platforms.ActiveCfg = Release|x86
		{E0CAD2FA-C944-44A6-AD2F-D757568D1889}.Release|Mixed Platforms.Build.0 = Release|x86
		{E0CAD2FA-C944-44A6-AD2F-D757568D1889}.Release|Win32.ActiveCfg = Release|x86
		{E0CAD2FA-C944-44A6-AD2F-D757568D1889}.Release|Win32.Build.0 = Release|x86
		{E0CAD2FA-C944-44A6-AD2F-D757568D1889}.Release|x64.ActiveCfg = Release|x86
		{E0CAD2FA-C944-44A6-AD2F-D757568D1889}.Release|x86.ActiveCfg = Release|x86
		{E0CAD2FA-C944-44A6-AD2F-D757568D1889}.Release|x86.Build.0 = Release|x86
		{17B7BEA1-453E-435A-9514-BB2EE3D46583}.Debug|Any CPU.ActiveCfg = Debug|Any CPU
		{17B7BEA1-453E-435A-9514-BB2EE3D46583}.Debug|Any CPU.Build.0 = Debug|Any CPU
		{17B7BEA1-453E-435A-9514-BB2EE3D46583}.Debug|ARM.ActiveCfg = Debug|Any CPU
		{17B7BEA1-453E-435A-9514-BB2EE3D46583}.Debug|Mixed Platforms.ActiveCfg = Debug|Any CPU
		{17B7BEA1-453E-435A-9514-BB2EE3D46583}.Debug|Mixed Platforms.Build.0 = Debug|Any CPU
		{17B7BEA1-453E-435A-9514-BB2EE3D46583}.Debug|Win32.ActiveCfg = Debug|Any CPU
		{17B7BEA1-453E-435A-9514-BB2EE3D46583}.Debug|x64.ActiveCfg = Debug|Any CPU
		{17B7BEA1-453E-435A-9514-BB2EE3D46583}.Debug|x86.ActiveCfg = Debug|Any CPU
		{17B7BEA1-453E-435A-9514-BB2EE3D46583}.Release|Any CPU.ActiveCfg = Release|Any CPU
		{17B7BEA1-453E-435A-9514-BB2EE3D46583}.Release|Any CPU.Build.0 = Release|Any CPU
		{17B7BEA1-453E-435A-9514-BB2EE3D46583}.Release|ARM.ActiveCfg = Release|Any CPU
		{17B7BEA1-453E-435A-9514-BB2EE3D46583}.Release|Mixed Platforms.ActiveCfg = Release|Any CPU
		{17B7BEA1-453E-435A-9514-BB2EE3D46583}.Release|Mixed Platforms.Build.0 = Release|Any CPU
		{17B7BEA1-453E-435A-9514-BB2EE3D46583}.Release|Win32.ActiveCfg = Release|Any CPU
		{17B7BEA1-453E-435A-9514-BB2EE3D46583}.Release|x64.ActiveCfg = Release|Any CPU
		{17B7BEA1-453E-435A-9514-BB2EE3D46583}.Release|x86.ActiveCfg = Release|Any CPU
		{E81EB80B-42AB-4EBB-9037-27870A9335C5}.Debug|Any CPU.ActiveCfg = Debug|Any CPU
		{E81EB80B-42AB-4EBB-9037-27870A9335C5}.Debug|Any CPU.Build.0 = Debug|Any CPU
		{E81EB80B-42AB-4EBB-9037-27870A9335C5}.Debug|ARM.ActiveCfg = Debug|Any CPU
		{E81EB80B-42AB-4EBB-9037-27870A9335C5}.Debug|ARM.Build.0 = Debug|Any CPU
		{E81EB80B-42AB-4EBB-9037-27870A9335C5}.Debug|Mixed Platforms.ActiveCfg = Debug|Any CPU
		{E81EB80B-42AB-4EBB-9037-27870A9335C5}.Debug|Mixed Platforms.Build.0 = Debug|Any CPU
		{E81EB80B-42AB-4EBB-9037-27870A9335C5}.Debug|Win32.ActiveCfg = Debug|Any CPU
		{E81EB80B-42AB-4EBB-9037-27870A9335C5}.Debug|Win32.Build.0 = Debug|Any CPU
		{E81EB80B-42AB-4EBB-9037-27870A9335C5}.Debug|x64.ActiveCfg = Debug|Any CPU
		{E81EB80B-42AB-4EBB-9037-27870A9335C5}.Debug|x64.Build.0 = Debug|Any CPU
		{E81EB80B-42AB-4EBB-9037-27870A9335C5}.Debug|x86.ActiveCfg = Debug|Any CPU
		{E81EB80B-42AB-4EBB-9037-27870A9335C5}.Debug|x86.Build.0 = Debug|Any CPU
		{E81EB80B-42AB-4EBB-9037-27870A9335C5}.Release|Any CPU.ActiveCfg = Release|Any CPU
		{E81EB80B-42AB-4EBB-9037-27870A9335C5}.Release|Any CPU.Build.0 = Release|Any CPU
		{E81EB80B-42AB-4EBB-9037-27870A9335C5}.Release|ARM.ActiveCfg = Release|Any CPU
		{E81EB80B-42AB-4EBB-9037-27870A9335C5}.Release|ARM.Build.0 = Release|Any CPU
		{E81EB80B-42AB-4EBB-9037-27870A9335C5}.Release|Mixed Platforms.ActiveCfg = Release|Any CPU
		{E81EB80B-42AB-4EBB-9037-27870A9335C5}.Release|Mixed Platforms.Build.0 = Release|Any CPU
		{E81EB80B-42AB-4EBB-9037-27870A9335C5}.Release|Win32.ActiveCfg = Release|Any CPU
		{E81EB80B-42AB-4EBB-9037-27870A9335C5}.Release|Win32.Build.0 = Release|Any CPU
		{E81EB80B-42AB-4EBB-9037-27870A9335C5}.Release|x64.ActiveCfg = Release|Any CPU
		{E81EB80B-42AB-4EBB-9037-27870A9335C5}.Release|x64.Build.0 = Release|Any CPU
		{E81EB80B-42AB-4EBB-9037-27870A9335C5}.Release|x86.ActiveCfg = Release|Any CPU
		{E81EB80B-42AB-4EBB-9037-27870A9335C5}.Release|x86.Build.0 = Release|Any CPU
		{CF198457-7D45-4459-AE5B-55CAA6399A86}.Debug|Any CPU.ActiveCfg = Debug|Any CPU
		{CF198457-7D45-4459-AE5B-55CAA6399A86}.Debug|Any CPU.Build.0 = Debug|Any CPU
		{CF198457-7D45-4459-AE5B-55CAA6399A86}.Debug|Any CPU.Deploy.0 = Debug|Any CPU
		{CF198457-7D45-4459-AE5B-55CAA6399A86}.Debug|ARM.ActiveCfg = Debug|ARM
		{CF198457-7D45-4459-AE5B-55CAA6399A86}.Debug|ARM.Build.0 = Debug|ARM
		{CF198457-7D45-4459-AE5B-55CAA6399A86}.Debug|ARM.Deploy.0 = Debug|ARM
		{CF198457-7D45-4459-AE5B-55CAA6399A86}.Debug|Mixed Platforms.ActiveCfg = Debug|x86
		{CF198457-7D45-4459-AE5B-55CAA6399A86}.Debug|Mixed Platforms.Build.0 = Debug|x86
		{CF198457-7D45-4459-AE5B-55CAA6399A86}.Debug|Mixed Platforms.Deploy.0 = Debug|x86
		{CF198457-7D45-4459-AE5B-55CAA6399A86}.Debug|Win32.ActiveCfg = Debug|x86
		{CF198457-7D45-4459-AE5B-55CAA6399A86}.Debug|Win32.Build.0 = Debug|x86
		{CF198457-7D45-4459-AE5B-55CAA6399A86}.Debug|Win32.Deploy.0 = Debug|x86
		{CF198457-7D45-4459-AE5B-55CAA6399A86}.Debug|x64.ActiveCfg = Debug|x64
		{CF198457-7D45-4459-AE5B-55CAA6399A86}.Debug|x64.Build.0 = Debug|x64
		{CF198457-7D45-4459-AE5B-55CAA6399A86}.Debug|x64.Deploy.0 = Debug|x64
		{CF198457-7D45-4459-AE5B-55CAA6399A86}.Debug|x86.ActiveCfg = Debug|x86
		{CF198457-7D45-4459-AE5B-55CAA6399A86}.Debug|x86.Build.0 = Debug|x86
		{CF198457-7D45-4459-AE5B-55CAA6399A86}.Debug|x86.Deploy.0 = Debug|x86
		{CF198457-7D45-4459-AE5B-55CAA6399A86}.Release|Any CPU.ActiveCfg = Release|Any CPU
		{CF198457-7D45-4459-AE5B-55CAA6399A86}.Release|Any CPU.Build.0 = Release|Any CPU
		{CF198457-7D45-4459-AE5B-55CAA6399A86}.Release|Any CPU.Deploy.0 = Release|Any CPU
		{CF198457-7D45-4459-AE5B-55CAA6399A86}.Release|ARM.ActiveCfg = Release|ARM
		{CF198457-7D45-4459-AE5B-55CAA6399A86}.Release|ARM.Build.0 = Release|ARM
		{CF198457-7D45-4459-AE5B-55CAA6399A86}.Release|ARM.Deploy.0 = Release|ARM
		{CF198457-7D45-4459-AE5B-55CAA6399A86}.Release|Mixed Platforms.ActiveCfg = Release|x86
		{CF198457-7D45-4459-AE5B-55CAA6399A86}.Release|Mixed Platforms.Build.0 = Release|x86
		{CF198457-7D45-4459-AE5B-55CAA6399A86}.Release|Mixed Platforms.Deploy.0 = Release|x86
		{CF198457-7D45-4459-AE5B-55CAA6399A86}.Release|Win32.ActiveCfg = Release|x86
		{CF198457-7D45-4459-AE5B-55CAA6399A86}.Release|Win32.Build.0 = Release|x86
		{CF198457-7D45-4459-AE5B-55CAA6399A86}.Release|Win32.Deploy.0 = Release|x86
		{CF198457-7D45-4459-AE5B-55CAA6399A86}.Release|x64.ActiveCfg = Release|x64
		{CF198457-7D45-4459-AE5B-55CAA6399A86}.Release|x64.Build.0 = Release|x64
		{CF198457-7D45-4459-AE5B-55CAA6399A86}.Release|x64.Deploy.0 = Release|x64
		{CF198457-7D45-4459-AE5B-55CAA6399A86}.Release|x86.ActiveCfg = Release|x86
		{CF198457-7D45-4459-AE5B-55CAA6399A86}.Release|x86.Build.0 = Release|x86
		{CF198457-7D45-4459-AE5B-55CAA6399A86}.Release|x86.Deploy.0 = Release|x86
		{5AB34E42-F495-4AA3-863B-8A0D9371B8B8}.Debug|Any CPU.ActiveCfg = Debug|Any CPU
		{5AB34E42-F495-4AA3-863B-8A0D9371B8B8}.Debug|Any CPU.Build.0 = Debug|Any CPU
		{5AB34E42-F495-4AA3-863B-8A0D9371B8B8}.Debug|Any CPU.Deploy.0 = Debug|Any CPU
		{5AB34E42-F495-4AA3-863B-8A0D9371B8B8}.Debug|ARM.ActiveCfg = Debug|ARM
		{5AB34E42-F495-4AA3-863B-8A0D9371B8B8}.Debug|ARM.Build.0 = Debug|ARM
		{5AB34E42-F495-4AA3-863B-8A0D9371B8B8}.Debug|ARM.Deploy.0 = Debug|ARM
		{5AB34E42-F495-4AA3-863B-8A0D9371B8B8}.Debug|Mixed Platforms.ActiveCfg = Debug|x86
		{5AB34E42-F495-4AA3-863B-8A0D9371B8B8}.Debug|Mixed Platforms.Build.0 = Debug|x86
		{5AB34E42-F495-4AA3-863B-8A0D9371B8B8}.Debug|Mixed Platforms.Deploy.0 = Debug|x86
		{5AB34E42-F495-4AA3-863B-8A0D9371B8B8}.Debug|Win32.ActiveCfg = Debug|x86
		{5AB34E42-F495-4AA3-863B-8A0D9371B8B8}.Debug|Win32.Build.0 = Debug|x86
		{5AB34E42-F495-4AA3-863B-8A0D9371B8B8}.Debug|Win32.Deploy.0 = Debug|x86
		{5AB34E42-F495-4AA3-863B-8A0D9371B8B8}.Debug|x64.ActiveCfg = Debug|Any CPU
		{5AB34E42-F495-4AA3-863B-8A0D9371B8B8}.Debug|x86.ActiveCfg = Debug|x86
		{5AB34E42-F495-4AA3-863B-8A0D9371B8B8}.Debug|x86.Build.0 = Debug|x86
		{5AB34E42-F495-4AA3-863B-8A0D9371B8B8}.Debug|x86.Deploy.0 = Debug|x86
		{5AB34E42-F495-4AA3-863B-8A0D9371B8B8}.Release|Any CPU.ActiveCfg = Release|Any CPU
		{5AB34E42-F495-4AA3-863B-8A0D9371B8B8}.Release|Any CPU.Build.0 = Release|Any CPU
		{5AB34E42-F495-4AA3-863B-8A0D9371B8B8}.Release|Any CPU.Deploy.0 = Release|Any CPU
		{5AB34E42-F495-4AA3-863B-8A0D9371B8B8}.Release|ARM.ActiveCfg = Release|ARM
		{5AB34E42-F495-4AA3-863B-8A0D9371B8B8}.Release|ARM.Build.0 = Release|ARM
		{5AB34E42-F495-4AA3-863B-8A0D9371B8B8}.Release|ARM.Deploy.0 = Release|ARM
		{5AB34E42-F495-4AA3-863B-8A0D9371B8B8}.Release|Mixed Platforms.ActiveCfg = Release|x86
		{5AB34E42-F495-4AA3-863B-8A0D9371B8B8}.Release|Mixed Platforms.Build.0 = Release|x86
		{5AB34E42-F495-4AA3-863B-8A0D9371B8B8}.Release|Mixed Platforms.Deploy.0 = Release|x86
		{5AB34E42-F495-4AA3-863B-8A0D9371B8B8}.Release|Win32.ActiveCfg = Release|x86
		{5AB34E42-F495-4AA3-863B-8A0D9371B8B8}.Release|Win32.Build.0 = Release|x86
		{5AB34E42-F495-4AA3-863B-8A0D9371B8B8}.Release|Win32.Deploy.0 = Release|x86
		{5AB34E42-F495-4AA3-863B-8A0D9371B8B8}.Release|x64.ActiveCfg = Release|Any CPU
		{5AB34E42-F495-4AA3-863B-8A0D9371B8B8}.Release|x86.ActiveCfg = Release|x86
		{5AB34E42-F495-4AA3-863B-8A0D9371B8B8}.Release|x86.Build.0 = Release|x86
		{5AB34E42-F495-4AA3-863B-8A0D9371B8B8}.Release|x86.Deploy.0 = Release|x86
		{74511A70-8CA2-438A-8940-1C31F5D379FA}.Debug|Any CPU.ActiveCfg = Debug|Any CPU
		{74511A70-8CA2-438A-8940-1C31F5D379FA}.Debug|ARM.ActiveCfg = Debug|Any CPU
		{74511A70-8CA2-438A-8940-1C31F5D379FA}.Debug|Mixed Platforms.ActiveCfg = Debug|Any CPU
		{74511A70-8CA2-438A-8940-1C31F5D379FA}.Debug|Win32.ActiveCfg = Debug|Any CPU
		{74511A70-8CA2-438A-8940-1C31F5D379FA}.Debug|x64.ActiveCfg = Debug|Any CPU
		{74511A70-8CA2-438A-8940-1C31F5D379FA}.Debug|x86.ActiveCfg = Debug|Any CPU
		{74511A70-8CA2-438A-8940-1C31F5D379FA}.Release|Any CPU.ActiveCfg = Release|Any CPU
		{74511A70-8CA2-438A-8940-1C31F5D379FA}.Release|ARM.ActiveCfg = Release|Any CPU
		{74511A70-8CA2-438A-8940-1C31F5D379FA}.Release|Mixed Platforms.ActiveCfg = Release|Any CPU
		{74511A70-8CA2-438A-8940-1C31F5D379FA}.Release|Win32.ActiveCfg = Release|Any CPU
		{74511A70-8CA2-438A-8940-1C31F5D379FA}.Release|x64.ActiveCfg = Release|Any CPU
		{74511A70-8CA2-438A-8940-1C31F5D379FA}.Release|x86.ActiveCfg = Release|Any CPU
		{F6063599-3A94-4B16-996E-AF546B9825A2}.Debug|Any CPU.ActiveCfg = Debug|Any CPU
		{F6063599-3A94-4B16-996E-AF546B9825A2}.Debug|Any CPU.Build.0 = Debug|Any CPU
		{F6063599-3A94-4B16-996E-AF546B9825A2}.Debug|ARM.ActiveCfg = Debug|Any CPU
		{F6063599-3A94-4B16-996E-AF546B9825A2}.Debug|Mixed Platforms.ActiveCfg = Debug|Any CPU
		{F6063599-3A94-4B16-996E-AF546B9825A2}.Debug|Mixed Platforms.Build.0 = Debug|Any CPU
		{F6063599-3A94-4B16-996E-AF546B9825A2}.Debug|Win32.ActiveCfg = Debug|Any CPU
		{F6063599-3A94-4B16-996E-AF546B9825A2}.Debug|x64.ActiveCfg = Debug|Any CPU
		{F6063599-3A94-4B16-996E-AF546B9825A2}.Debug|x86.ActiveCfg = Debug|Any CPU
		{F6063599-3A94-4B16-996E-AF546B9825A2}.Release|Any CPU.ActiveCfg = Release|Any CPU
		{F6063599-3A94-4B16-996E-AF546B9825A2}.Release|Any CPU.Build.0 = Release|Any CPU
		{F6063599-3A94-4B16-996E-AF546B9825A2}.Release|ARM.ActiveCfg = Release|Any CPU
		{F6063599-3A94-4B16-996E-AF546B9825A2}.Release|Mixed Platforms.ActiveCfg = Release|Any CPU
		{F6063599-3A94-4B16-996E-AF546B9825A2}.Release|Mixed Platforms.Build.0 = Release|Any CPU
		{F6063599-3A94-4B16-996E-AF546B9825A2}.Release|Win32.ActiveCfg = Release|Any CPU
		{F6063599-3A94-4B16-996E-AF546B9825A2}.Release|x64.ActiveCfg = Release|Any CPU
		{F6063599-3A94-4B16-996E-AF546B9825A2}.Release|x86.ActiveCfg = Release|Any CPU
		{68198F91-4CD7-429E-901C-EF6D7A81E282}.Debug|Any CPU.ActiveCfg = Debug|Any CPU
		{68198F91-4CD7-429E-901C-EF6D7A81E282}.Debug|ARM.ActiveCfg = Debug|Any CPU
		{68198F91-4CD7-429E-901C-EF6D7A81E282}.Debug|Mixed Platforms.ActiveCfg = Debug|Any CPU
		{68198F91-4CD7-429E-901C-EF6D7A81E282}.Debug|Win32.ActiveCfg = Debug|Any CPU
		{68198F91-4CD7-429E-901C-EF6D7A81E282}.Debug|x64.ActiveCfg = Debug|Any CPU
		{68198F91-4CD7-429E-901C-EF6D7A81E282}.Debug|x86.ActiveCfg = Debug|Any CPU
		{68198F91-4CD7-429E-901C-EF6D7A81E282}.Release|Any CPU.ActiveCfg = Release|Any CPU
		{68198F91-4CD7-429E-901C-EF6D7A81E282}.Release|ARM.ActiveCfg = Release|Any CPU
		{68198F91-4CD7-429E-901C-EF6D7A81E282}.Release|Mixed Platforms.ActiveCfg = Release|Any CPU
		{68198F91-4CD7-429E-901C-EF6D7A81E282}.Release|Win32.ActiveCfg = Release|Any CPU
		{68198F91-4CD7-429E-901C-EF6D7A81E282}.Release|x64.ActiveCfg = Release|Any CPU
		{68198F91-4CD7-429E-901C-EF6D7A81E282}.Release|x86.ActiveCfg = Release|Any CPU
	EndGlobalSection
	GlobalSection(SolutionProperties) = preSolution
		HideSolutionNode = FALSE
	EndGlobalSection
	GlobalSection(NestedProjects) = preSolution
		{652187B5-F9D1-4462-9757-0D7E820074AA} = {A1CBE0F6-C115-4E2F-82CC-0944B76DD008}
		{347D175D-FB6F-4D69-B7E6-374135FAF552} = {A1CBE0F6-C115-4E2F-82CC-0944B76DD008}
		{1DB0ED9E-34CD-462D-AB4D-E6D42BB5ADAC} = {A1CBE0F6-C115-4E2F-82CC-0944B76DD008}
		{E81EB80B-42AB-4EBB-9037-27870A9335C5} = {7BCF92E2-40ED-4202-B06A-BBFE675C3CB1}
		{CF198457-7D45-4459-AE5B-55CAA6399A86} = {7BCF92E2-40ED-4202-B06A-BBFE675C3CB1}
		{5AB34E42-F495-4AA3-863B-8A0D9371B8B8} = {7BCF92E2-40ED-4202-B06A-BBFE675C3CB1}
	EndGlobalSection
	GlobalSection(ExtensibilityGlobals) = postSolution
		SolutionGuid = {DBF5AA48-C2FE-4740-A0E2-2C7E1267EEC1}
	EndGlobalSection
EndGlobal
